# This file is automatically @generated by Cargo.
# It is not intended for manual editing.
version = 4

[[package]]
name = "codrop-cli"
version = "1.0.0-rc1"
dependencies = [
 "libcodrop",
]

[[package]]
name = "codrop-wasm"
version = "1.0.0-rc1"
dependencies = [
 "libcodrop",
]

[[package]]
name = "libcodrop"
version = "1.0.0-rc1"
